
Microsoft Visual Studio Solution File, Format Version 12.00
# Visual Studio Version 17
VisualStudioVersion = 17.3.32901.215
MinimumVisualStudioVersion = 10.0.40219.1
Project("{9A19103F-16F7-4668-BE54-9A1E7A4F7556}") = "ZENBitPackToolbox", "ZENBitPackToolbox.csproj", "{2CC8D096-4733-47A1-98B8-B0677F220861}"
EndProject
Project("{2150E333-8FDC-42A3-9474-1A3956D46DE8}") = "Solution Items", "Solution Items", "{1A9DBB0B-F740-472A-AE4B-9BE9279BB99E}"
	ProjectSection(SolutionItems) = preProject
		.github\workflows\master.yml = .github\workflows\master.yml
	EndProjectSection
EndProject
Global
	GlobalSection(SolutionConfigurationPlatforms) = preSolution
		Debug|Any CPU = Debug|Any CPU
		Release|Any CPU = Release|Any CPU
	EndGlobalSection
	GlobalSection(ProjectConfigurationPlatforms) = postSolution
		{2CC8D096-4733-47A1-98B8-B0677F220861}.Debug|Any CPU.ActiveCfg = Debug|Any CPU
		{2CC8D096-4733-47A1-98B8-B0677F220861}.Debug|Any CPU.Build.0 = Debug|Any CPU
		{2CC8D096-4733-47A1-98B8-B0677F220861}.Release|Any CPU.ActiveCfg = Release|Any CPU
		{2CC8D096-4733-47A1-98B8-B0677F220861}.Release|Any CPU.Build.0 = Release|Any CPU
	EndGlobalSection
	GlobalSection(SolutionProperties) = preSolution
		HideSolutionNode = FALSE
	EndGlobalSection
	GlobalSection(ExtensibilityGlobals) = postSolution
		SolutionGuid = {86B3AE76-F19C-42F5-ACA8-AFEC5A572A70}
	EndGlobalSection
EndGlobal
